// !$*UTF8*$!
{
	archiveVersion = 1;
	classes = {
	};
	objectVersion = 56;
	objects = {

/* Begin PBXBuildFile section */
		1A32A0652945491D00671B8B /* DetailsViewController.swift in Sources */ = {isa = PBXBuildFile; fileRef = 1A32A0642945491D00671B8B /* DetailsViewController.swift */; };
		1AABAE6F29453CE80054106C /* AppDelegate.swift in Sources */ = {isa = PBXBuildFile; fileRef = 1AABAE6E29453CE80054106C /* AppDelegate.swift */; };
		1AABAE7129453CE80054106C /* SceneDelegate.swift in Sources */ = {isa = PBXBuildFile; fileRef = 1AABAE7029453CE80054106C /* SceneDelegate.swift */; };
		1AABAE7329453CE80054106C /* ViewController.swift in Sources */ = {isa = PBXBuildFile; fileRef = 1AABAE7229453CE80054106C /* ViewController.swift */; };
		1AABAE7629453CE80054106C /* Main.storyboard in Resources */ = {isa = PBXBuildFile; fileRef = 1AABAE7429453CE80054106C /* Main.storyboard */; };
		1AABAE7829453CF00054106C /* Assets.xcassets in Resources */ = {isa = PBXBuildFile; fileRef = 1AABAE7729453CF00054106C /* Assets.xcassets */; };
		1AABAE7B29453CF00054106C /* LaunchScreen.storyboard in Resources */ = {isa = PBXBuildFile; fileRef = 1AABAE7929453CF00054106C /* LaunchScreen.storyboard */; };
		C75F293D19FB4949A7F7012F /* Pods_StockFinalProject.framework in Frameworks */ = {isa = PBXBuildFile; fileRef = 143101E819525B0AC5A6839C /* Pods_StockFinalProject.framework */; };
/* End PBXBuildFile section */

/* Begin PBXFileReference section */
		143101E819525B0AC5A6839C /* Pods_StockFinalProject.framework */ = {isa = PBXFileReference; explicitFileType = wrapper.framework; includeInIndex = 0; path = Pods_StockFinalProject.framework; sourceTree = BUILT_PRODUCTS_DIR; };
		1A32A0642945491D00671B8B /* DetailsViewController.swift */ = {isa = PBXFileReference; lastKnownFileType = sourcecode.swift; path = DetailsViewController.swift; sourceTree = "<group>"; };
		1AABAE6B29453CE80054106C /* StockFinalProject.app */ = {isa = PBXFileReference; explicitFileType = wrapper.application; includeInIndex = 0; path = StockFinalProject.app; sourceTree = BUILT_PRODUCTS_DIR; };
		1AABAE6E29453CE80054106C /* AppDelegate.swift */ = {isa = PBXFileReference; lastKnownFileType = sourcecode.swift; path = AppDelegate.swift; sourceTree = "<group>"; };
		1AABAE7029453CE80054106C /* SceneDelegate.swift */ = {isa = PBXFileReference; lastKnownFileType = sourcecode.swift; path = SceneDelegate.swift; sourceTree = "<group>"; };
		1AABAE7229453CE80054106C /* ViewController.swift */ = {isa = PBXFileReference; lastKnownFileType = sourcecode.swift; path = ViewController.swift; sourceTree = "<group>"; };
		1AABAE7529453CE80054106C /* Base */ = {isa = PBXFileReference; lastKnownFileType = file.storyboard; name = Base; path = Base.lproj/Main.storyboard; sourceTree = "<group>"; };
		1AABAE7729453CF00054106C /* Assets.xcassets */ = {isa = PBXFileReference; lastKnownFileType = folder.assetcatalog; path = Assets.xcassets; sourceTree = "<group>"; };
		1AABAE7A29453CF00054106C /* Base */ = {isa = PBXFileReference; lastKnownFileType = file.storyboard; name = Base; path = Base.lproj/LaunchScreen.storyboard; sourceTree = "<group>"; };
		1AABAE7C29453CF00054106C /* Info.plist */ = {isa = PBXFileReference; lastKnownFileType = text.plist.xml; path = Info.plist; sourceTree = "<group>"; };
		55A2E4FE20FC6EED27F14329 /* Pods-StockFinalProject.release.xcconfig */ = {isa = PBXFileReference; includeInIndex = 1; lastKnownFileType = text.xcconfig; name = "Pods-StockFinalProject.release.xcconfig"; path = "Target Support Files/Pods-StockFinalProject/Pods-StockFinalProject.release.xcconfig"; sourceTree = "<group>"; };
		EAE0E2B7DC46E1561EC6418A /* Pods-StockFinalProject.debug.xcconfig */ = {isa = PBXFileReference; includeInIndex = 1; lastKnownFileType = text.xcconfig; name = "Pods-StockFinalProject.debug.xcconfig"; path = "Target Support Files/Pods-StockFinalProject/Pods-StockFinalProject.debug.xcconfig"; sourceTree = "<group>"; };
/* End PBXFileReference section */

/* Begin PBXFrameworksBuildPhase section */
		1AABAE6829453CE80054106C /* Frameworks */ = {
			isa = PBXFrameworksBuildPhase;
			buildActionMask = 2147483647;
			files = (
				C75F293D19FB4949A7F7012F /* Pods_StockFinalProject.framework in Frameworks */,
			);
			runOnlyForDeploymentPostprocessing = 0;
		};
/* End PBXFrameworksBuildPhase section */

/* Begin PBXGroup section */
		12BD4C5679B7859FDBB5C5A0 /* Frameworks */ = {
			isa = PBXGroup;
			children = (
				143101E819525B0AC5A6839C /* Pods_StockFinalProject.framework */,
			);
			name = Frameworks;
			sourceTree = "<group>";
		};
		1553B75C630051815D3DF552 /* Pods */ = {
			isa = PBXGroup;
			children = (
				EAE0E2B7DC46E1561EC6418A /* Pods-StockFinalProject.debug.xcconfig */,
				55A2E4FE20FC6EED27F14329 /* Pods-StockFinalProject.release.xcconfig */,
			);
			path = Pods;
			sourceTree = "<group>";
		};
		1AABAE6229453CE80054106C = {
			isa = PBXGroup;
			children = (
				1AABAE6D29453CE80054106C /* StockFinalProject */,
				1AABAE6C29453CE80054106C /* Products */,
				1553B75C630051815D3DF552 /* Pods */,
				12BD4C5679B7859FDBB5C5A0 /* Frameworks */,
			);
			sourceTree = "<group>";
		};
		1AABAE6C29453CE80054106C /* Products */ = {
			isa = PBXGroup;
			children = (
				1AABAE6B29453CE80054106C /* StockFinalProject.app */,
			);
			name = Products;
			sourceTree = "<group>";
		};
		1AABAE6D29453CE80054106C /* StockFinalProject */ = {
			isa = PBXGroup;
			children = (
				1AABAE6E29453CE80054106C /* AppDelegate.swift */,
				1AABAE7029453CE80054106C /* SceneDelegate.swift */,
				1AABAE7229453CE80054106C /* ViewController.swift */,
				1AABAE7429453CE80054106C /* Main.storyboard */,
				1AABAE7729453CF00054106C /* Assets.xcassets */,
				1AABAE7929453CF00054106C /* LaunchScreen.storyboard */,
				1AABAE7C29453CF00054106C /* Info.plist */,
				1A32A0642945491D00671B8B /* DetailsViewController.swift */,
			);
			path = StockFinalProject;
			sourceTree = "<group>";
		};
/* End PBXGroup section */

/* Begin PBXNativeTarget section */
		1AABAE6A29453CE80054106C /* StockFinalProject */ = {
			isa = PBXNativeTarget;
			buildConfigurationList = 1AABAE7F29453CF10054106C /* Build configuration list for PBXNativeTarget "StockFinalProject" */;
			buildPhases = (
				BBF6EBAD50F093AF07E3BE87 /* [CP] Check Pods Manifest.lock */,
				1AABAE6729453CE80054106C /* Sources */,
				1AABAE6829453CE80054106C /* Frameworks */,
				1AABAE6929453CE80054106C /* Resources */,
				2ED0311FBFF3C321BAC38CB1 /* [CP] Embed Pods Frameworks */,
			);
			buildRules = (
			);
			dependencies = (
			);
			name = StockFinalProject;
			productName = StockFinalProject;
			productReference = 1AABAE6B29453CE80054106C /* StockFinalProject.app */;
			productType = "com.apple.product-type.application";
		};
/* End PBXNativeTarget section */

/* Begin PBXProject section */
		1AABAE6329453CE80054106C /* Project object */ = {
			isa = PBXProject;
			attributes = {
				BuildIndependentTargetsInParallel = 1;
				LastSwiftUpdateCheck = 1410;
				LastUpgradeCheck = 1410;
				TargetAttributes = {
					1AABAE6A29453CE80054106C = {
						CreatedOnToolsVersion = 14.1;
					};
				};
			};
			buildConfigurationList = 1AABAE6629453CE80054106C /* Build configuration list for PBXProject "StockFinalProject" */;
			compatibilityVersion = "Xcode 14.0";
			developmentRegion = en;
			hasScannedForEncodings = 0;
			knownRegions = (
				en,
				Base,
			);
			mainGroup = 1AABAE6229453CE80054106C;
			productRefGroup = 1AABAE6C29453CE80054106C /* Products */;
			projectDirPath = "";
			projectRoot = "";
			targets = (
				1AABAE6A29453CE80054106C /* StockFinalProject */,
			);
		};
/* End PBXProject section */

/* Begin PBXResourcesBuildPhase section */
		1AABAE6929453CE80054106C /* Resources */ = {
			isa = PBXResourcesBuildPhase;
			buildActionMask = 2147483647;
			files = (
				1AABAE7B29453CF00054106C /* LaunchScreen.storyboard in Resources */,
				1AABAE7829453CF00054106C /* Assets.xcassets in Resources */,
				1AABAE7629453CE80054106C /* Main.storyboard in Resources */,
			);
			runOnlyForDeploymentPostprocessing = 0;
		};
/* End PBXResourcesBuildPhase section */

/* Begin PBXShellScriptBuildPhase section */
		2ED0311FBFF3C321BAC38CB1 /* [CP] Embed Pods Frameworks */ = {
			isa = PBXShellScriptBuildPhase;
			buildActionMask = 2147483647;
			files = (
			);
			inputFileListPaths = (
				"${PODS_ROOT}/Target Support Files/Pods-StockFinalProject/Pods-StockFinalProject-frameworks-${CONFIGURATION}-input-files.xcfilelist",
			);
			name = "[CP] Embed Pods Frameworks";
			outputFileListPaths = (
				"${PODS_ROOT}/Target Support Files/Pods-StockFinalProject/Pods-StockFinalProject-frameworks-${CONFIGURATION}-output-files.xcfilelist",
			);
			runOnlyForDeploymentPostprocessing = 0;
			shellPath = /bin/sh;
			shellScript = "\"${PODS_ROOT}/Target Support Files/Pods-StockFinalProject/Pods-StockFinalProject-frameworks.sh\"\n";
			showEnvVarsInLog = 0;
		};
		BBF6EBAD50F093AF07E3BE87 /* [CP] Check Pods Manifest.lock */ = {
			isa = PBXShellScriptBuildPhase;
			buildActionMask = 2147483647;
			files = (
			);
			inputFileListPaths = (
			);
			inputPaths = (
				"${PODS_PODFILE_DIR_PATH}/Podfile.lock",
				"${PODS_ROOT}/Manifest.lock",
			);
			name = "[CP] Check Pods Manifest.lock";
			outputFileListPaths = (
			);
			outputPaths = (
				"$(DERIVED_FILE_DIR)/Pods-StockFinalProject-checkManifestLockResult.txt",
			);
			runOnlyForDeploymentPostprocessing = 0;
			shellPath = /bin/sh;
			shellScript = "diff \"${PODS_PODFILE_DIR_PATH}/Podfile.lock\" \"${PODS_ROOT}/Manifest.lock\" > /dev/null\nif [ $? != 0 ] ; then\n    # print error to STDERR\n    echo \"error: The sandbox is not in sync with the Podfile.lock. Run 'pod install' or update your CocoaPods installation.\" >&2\n    exit 1\nfi\n# This output is used by Xcode 'outputs' to avoid re-running this script phase.\necho \"SUCCESS\" > \"${SCRIPT_OUTPUT_FILE_0}\"\n";
			showEnvVarsInLog = 0;
		};
/* End PBXShellScriptBuildPhase section */

/* Begin PBXSourcesBuildPhase section */
		1AABAE6729453CE80054106C /* Sources */ = {
			isa = PBXSourcesBuildPhase;
			buildActionMask = 2147483647;
			files = (
				1AABAE7329453CE80054106C /* ViewController.swift in Sources */,
				1AABAE6F29453CE80054106C /* AppDelegate.swift in Sources */,
				1AABAE7129453CE80054106C /* SceneDelegate.swift in Sources */,
				1A32A0652945491D00671B8B /* DetailsViewController.swift in Sources */,
			);
			runOnlyForDeploymentPostprocessing = 0;
		};
/* End PBXSourcesBuildPhase section */

/* Begin PBXVariantGroup section */
		1AABAE7429453CE80054106C /* Main.storyboard */ = {
			isa = PBXVariantGroup;
			children = (
				1AABAE7529453CE80054106C /* Base */,
			);
			name = Main.storyboard;
			sourceTree = "<group>";
		};
		1AABAE7929453CF00054106C /* LaunchScreen.storyboard */ = {
			isa = PBXVariantGroup;
			children = (
				1AABAE7A29453CF00054106C /* Base */,
			);
			name = LaunchScreen.storyboard;
			sourceTree = "<group>";
		};
/* End PBXVariantGroup section */

/* Begin XCBuildConfiguration section */
		1AABAE7D29453CF10054106C /* Debug */ = {
			isa = XCBuildConfiguration;
			buildSettings = {
				ALWAYS_SEARCH_USER_PATHS = NO;
				CLANG_ANALYZER_NONNULL = YES;
				CLANG_ANALYZER_NUMBER_OBJECT_CONVERSION = YES_AGGRESSIVE;
				CLANG_CXX_LANGUAGE_STANDARD = "gnu++20";
				CLANG_ENABLE_MODULES = YES;
				CLANG_ENABLE_OBJC_ARC = YES;
				CLANG_ENABLE_OBJC_WEAK = YES;
				CLANG_WARN_BLOCK_CAPTURE_AUTORELEASING = YES;
				CLANG_WARN_BOOL_CONVERSION = YES;
				CLANG_WARN_COMMA = YES;
				CLANG_WARN_CONSTANT_CONVERSION = YES;
				CLANG_WARN_DEPRECATED_OBJC_IMPLEMENTATIONS = YES;
				CLANG_WARN_DIRECT_OBJC_ISA_USAGE = YES_ERROR;
				CLANG_WARN_DOCUMENTATION_COMMENTS = YES;
				CLANG_WARN_EMPTY_BODY = YES;
				CLANG_WARN_ENUM_CONVERSION = YES;
				CLANG_WARN_INFINITE_RECURSION = YES;
				CLANG_WARN_INT_CONVERSION = YES;
				CLANG_WARN_NON_LITERAL_NULL_CONVERSION = YES;
				CLANG_WARN_OBJC_IMPLICIT_RETAIN_SELF = YES;
				CLANG_WARN_OBJC_LITERAL_CONVERSION = YES;
				CLANG_WARN_OBJC_ROOT_CLASS = YES_ERROR;
				CLANG_WARN_QUOTED_INCLUDE_IN_FRAMEWORK_HEADER = YES;
				CLANG_WARN_RANGE_LOOP_ANALYSIS = YES;
				CLANG_WARN_STRICT_PROTOTYPES = YES;
				CLANG_WARN_SUSPICIOUS_MOVE = YES;
				CLANG_WARN_UNGUARDED_AVAILABILITY = YES_AGGRESSIVE;
				CLANG_WARN_UNREACHABLE_CODE = YES;
				CLANG_WARN__DUPLICATE_METHOD_MATCH = YES;
				COPY_PHASE_STRIP = NO;
				DEBUG_INFORMATION_FORMAT = dwarf;
				ENABLE_STRICT_OBJC_MSGSEND = YES;
				ENABLE_TESTABILITY = YES;
				GCC_C_LANGUAGE_STANDARD = gnu11;
				GCC_DYNAMIC_NO_PIC = NO;
				GCC_NO_COMMON_BLOCKS = YES;
				GCC_OPTIMIZATION_LEVEL = 0;
				GCC_PREPROCESSOR_DEFINITIONS = (
					"DEBUG=1",
					"$(inherited)",
				);
				GCC_WARN_64_TO_32_BIT_CONVERSION = YES;
				GCC_WARN_ABOUT_RETURN_TYPE = YES_ERROR;
				GCC_WARN_UNDECLARED_SELECTOR = YES;
				GCC_WARN_UNINITIALIZED_AUTOS = YES_AGGRESSIVE;
				GCC_WARN_UNUSED_FUNCTION = YES;
				GCC_WARN_UNUSED_VARIABLE = YES;
				IPHONEOS_DEPLOYMENT_TARGET = 16.1;
				MTL_ENABLE_DEBUG_INFO = INCLUDE_SOURCE;
				MTL_FAST_MATH = YES;
				ONLY_ACTIVE_ARCH = YES;
				SDKROOT = iphoneos;
				SWIFT_ACTIVE_COMPILATION_CONDITIONS = DEBUG;
				SWIFT_OPTIMIZATION_LEVEL = "-Onone";
			};
			name = Debug;
		};
		1AABAE7E29453CF10054106C /* Release */ = {
			isa = XCBuildConfiguration;
			buildSettings = {
				ALWAYS_SEARCH_USER_PATHS = NO;
				CLANG_ANALYZER_NONNULL = YES;
				CLANG_ANALYZER_NUMBER_OBJECT_CONVERSION = YES_AGGRESSIVE;
				CLANG_CXX_LANGUAGE_STANDARD = "gnu++20";
				CLANG_ENABLE_MODULES = YES;
				CLANG_ENABLE_OBJC_ARC = YES;
				CLANG_ENABLE_OBJC_WEAK = YES;
				CLANG_WARN_BLOCK_CAPTURE_AUTORELEASING = YES;
				CLANG_WARN_BOOL_CONVERSION = YES;
				CLANG_WARN_COMMA = YES;
				CLANG_WARN_CONSTANT_CONVERSION = YES;
				CLANG_WARN_DEPRECATED_OBJC_IMPLEMENTATIONS = YES;
				CLANG_WARN_DIRECT_OBJC_ISA_USAGE = YES_ERROR;
				CLANG_WARN_DOCUMENTATION_COMMENTS = YES;
				CLANG_WARN_EMPTY_BODY = YES;
				CLANG_WARN_ENUM_CONVERSION = YES;
				CLANG_WARN_INFINITE_RECURSION = YES;
				CLANG_WARN_INT_CONVERSION = YES;
				CLANG_WARN_NON_LITERAL_NULL_CONVERSION = YES;
				CLANG_WARN_OBJC_IMPLICIT_RETAIN_SELF = YES;
				CLANG_WARN_OBJC_LITERAL_CONVERSION = YES;
				CLANG_WARN_OBJC_ROOT_CLASS = YES_ERROR;
				CLANG_WARN_QUOTED_INCLUDE_IN_FRAMEWORK_HEADER = YES;
				CLANG_WARN_RANGE_LOOP_ANALYSIS = YES;
				CLANG_WARN_STRICT_PROTOTYPES = YES;
				CLANG_WARN_SUSPICIOUS_MOVE = YES;
				CLANG_WARN_UNGUARDED_AVAILABILITY = YES_AGGRESSIVE;
				CLANG_WARN_UNREACHABLE_CODE = YES;
				CLANG_WARN__DUPLICATE_METHOD_MATCH = YES;
				COPY_PHASE_STRIP = NO;
				DEBUG_INFORMATION_FORMAT = "dwarf-with-dsym";
				ENABLE_NS_ASSERTIONS = NO;
				ENABLE_STRICT_OBJC_MSGSEND = YES;
				GCC_C_LANGUAGE_STANDARD = gnu11;
				GCC_NO_COMMON_BLOCKS = YES;
				GCC_WARN_64_TO_32_BIT_CONVERSION = YES;
				GCC_WARN_ABOUT_RETURN_TYPE = YES_ERROR;
				GCC_WARN_UNDECLARED_SELECTOR = YES;
				GCC_WARN_UNINITIALIZED_AUTOS = YES_AGGRESSIVE;
				GCC_WARN_UNUSED_FUNCTION = YES;
				GCC_WARN_UNUSED_VARIABLE = YES;
				IPHONEOS_DEPLOYMENT_TARGET = 16.1;
				MTL_ENABLE_DEBUG_INFO = NO;
				MTL_FAST_MATH = YES;
				SDKROOT = iphoneos;
				SWIFT_COMPILATION_MODE = wholemodule;
				SWIFT_OPTIMIZATION_LEVEL = "-O";
				VALIDATE_PRODUCT = YES;
			};
			name = Release;
		};
		1AABAE8029453CF10054106C /* Debug */ = {
			isa = XCBuildConfiguration;
			baseConfigurationReference = EAE0E2B7DC46E1561EC6418A /* Pods-StockFinalProject.debug.xcconfig */;
			buildSettings = {
				ASSETCATALOG_COMPILER_APPICON_NAME = AppIcon;
				ASSETCATALOG_COMPILER_GLOBAL_ACCENT_COLOR_NAME = AccentColor;
				CODE_SIGN_STYLE = Automatic;
				CURRENT_PROJECT_VERSION = 1;
				GENERATE_INFOPLIST_FILE = YES;
				INFOPLIST_FILE = StockFinalProject/Info.plist;
				INFOPLIST_KEY_UIApplicationSupportsIndirectInputEvents = YES;
				INFOPLIST_KEY_UILaunchStoryboardName = LaunchScreen;
				INFOPLIST_KEY_UIMainStoryboardFile = Main;
				INFOPLIST_KEY_UISupportedInterfaceOrientations_iPad = "UIInterfaceOrientationPortrait UIInterfaceOrientationPortraitUpsideDown UIInterfaceOrientationLandscapeLeft UIInterfaceOrientationLandscapeRight";
				INFOPLIST_KEY_UISupportedInterfaceOrientations_iPhone = "UIInterfaceOrientationPortrait UIInterfaceOrientationLandscapeLeft UIInterfaceOrientationLandscapeRight";
				LD_RUNPATH_SEARCH_PATHS = (
					"$(inherited)",
					"@executable_path/Frameworks",
				);
				MARKETING_VERSION = 1.0;
				PRODUCT_BUNDLE_IDENTIFIER = edu.northeastern.jzhuo.StockFinalProject;
				PRODUCT_NAME = "$(TARGET_NAME)";
				SWIFT_EMIT_LOC_STRINGS = YES;
				SWIFT_VERSION = 5.0;
				TARGETED_DEVICE_FAMILY = "1,2";
			};
			name = Debug;
		};
		1AABAE8129453CF10054106C /* Release */ = {
			isa = XCBuildConfiguration;
			baseConfigurationReference = 55A2E4FE20FC6EED27F14329 /* Pods-StockFinalProject.release.xcconfig */;
			buildSettings = {
				ASSETCATALOG_COMPILER_APPICON_NAME = AppIcon;
				ASSETCATALOG_COMPILER_GLOBAL_ACCENT_COLOR_NAME = AccentColor;
				CODE_SIGN_STYLE = Automatic;
				CURRENT_PROJECT_VERSION = 1;
				GENERATE_INFOPLIST_FILE = YES;
				INFOPLIST_FILE = StockFinalProject/Info.plist;
				INFOPLIST_KEY_UIApplicationSupportsIndirectInputEvents = YES;
				INFOPLIST_KEY_UILaunchStoryboardName = LaunchScreen;
				INFOPLIST_KEY_UIMainStoryboardFile = Main;
				INFOPLIST_KEY_UISupportedInterfaceOrientations_iPad = "UIInterfaceOrientationPortrait UIInterfaceOrientationPortraitUpsideDown UIInterfaceOrientationLandscapeLeft UIInterfaceOrientationLandscapeRight";
				INFOPLIST_KEY_UISupportedInterfaceOrientations_iPhone = "UIInterfaceOrientationPortrait UIInterfaceOrientationLandscapeLeft UIInterfaceOrientationLandscapeRight";
				LD_RUNPATH_SEARCH_PATHS = (
					"$(inherited)",
					"@executable_path/Frameworks",
				);
				MARKETING_VERSION = 1.0;
				PRODUCT_BUNDLE_IDENTIFIER = edu.northeastern.jzhuo.StockFinalProject;
				PRODUCT_NAME = "$(TARGET_NAME)";
				SWIFT_EMIT_LOC_STRINGS = YES;
				SWIFT_VERSION = 5.0;
				TARGETED_DEVICE_FAMILY = "1,2";
			};
			name = Release;
		};
/* End XCBuildConfiguration section */

/* Begin XCConfigurationList section */
		1AABAE6629453CE80054106C /* Build configuration list for PBXProject "StockFinalProject" */ = {
			isa = XCConfigurationList;
			buildConfigurations = (
				1AABAE7D29453CF10054106C /* Debug */,
				1AABAE7E29453CF10054106C /* Release */,
			);
			defaultConfigurationIsVisible = 0;
			defaultConfigurationName = Release;
		};
		1AABAE7F29453CF10054106C /* Build configuration list for PBXNativeTarget "StockFinalProject" */ = {
			isa = XCConfigurationList;
			buildConfigurations = (
				1AABAE8029453CF10054106C /* Debug */,
				1AABAE8129453CF10054106C /* Release */,
			);
			defaultConfigurationIsVisible = 0;
			defaultConfigurationName = Release;
		};
/* End XCConfigurationList section */
	};
	rootObject = 1AABAE6329453CE80054106C /* Project object */;
}
